
Microsoft Visual Studio Solution File, Format Version 12.00
# Visual Studio 15
VisualStudioVersion = 15.0.26403.7
MinimumVisualStudioVersion = 10.0.40219.1
Project("{FAE04EC0-301F-11D3-BF4B-00C04F79EFBC}") = "OmpForDotNet.Utility", "OmpForDotNet.Utility\OmpForDotNet.Utility.csproj", "{2CD905F6-D494-4C99-A740-8A25A7B1B707}"
EndProject
Project("{FAE04EC0-301F-11D3-BF4B-00C04F79EFBC}") = "OmpForDotNet.Test", "OmpForDotNet.Test\OmpForDotNet.Test.csproj", "{7759AFDB-95C0-4A8A-8241-21F4F7112A42}"
EndProject
Project("{FAE04EC0-301F-11D3-BF4B-00C04F79EFBC}") = "ConsoleApp1", "ConsoleApp1\ConsoleApp1.csproj", "{DEF8012A-B3DC-466B-9C62-1659CE73A8E1}"
EndProject
Global
	GlobalSection(SolutionConfigurationPlatforms) = preSolution
		Debug|Any CPU = Debug|Any CPU
		Release|Any CPU = Release|Any CPU
	EndGlobalSection
	GlobalSection(ProjectConfigurationPlatforms) = postSolution
		{2CD905F6-D494-4C99-A740-8A25A7B1B707}.Debug|Any CPU.ActiveCfg = Debug|Any CPU
		{2CD905F6-D494-4C99-A740-8A25A7B1B707}.Debug|Any CPU.Build.0 = Debug|Any CPU
		{2CD905F6-D494-4C99-A740-8A25A7B1B707}.Release|Any CPU.ActiveCfg = Release|Any CPU
		{2CD905F6-D494-4C99-A740-8A25A7B1B707}.Release|Any CPU.Build.0 = Release|Any CPU
		{7759AFDB-95C0-4A8A-8241-21F4F7112A42}.Debug|Any CPU.ActiveCfg = Debug|Any CPU
		{7759AFDB-95C0-4A8A-8241-21F4F7112A42}.Debug|Any CPU.Build.0 = Debug|Any CPU
		{7759AFDB-95C0-4A8A-8241-21F4F7112A42}.Release|Any CPU.ActiveCfg = Release|Any CPU
		{7759AFDB-95C0-4A8A-8241-21F4F7112A42}.Release|Any CPU.Build.0 = Release|Any CPU
		{DEF8012A-B3DC-466B-9C62-1659CE73A8E1}.Debug|Any CPU.ActiveCfg = Debug|Any CPU
		{DEF8012A-B3DC-466B-9C62-1659CE73A8E1}.Debug|Any CPU.Build.0 = Debug|Any CPU
		{DEF8012A-B3DC-466B-9C62-1659CE73A8E1}.Release|Any CPU.ActiveCfg = Release|Any CPU
		{DEF8012A-B3DC-466B-9C62-1659CE73A8E1}.Release|Any CPU.Build.0 = Release|Any CPU
	EndGlobalSection
	GlobalSection(SolutionProperties) = preSolution
		HideSolutionNode = FALSE
	EndGlobalSection
EndGlobal
